
Microsoft Visual Studio Solution File, Format Version 12.00
# Visual Studio Version 17
VisualStudioVersion = 17.0.31903.59
MinimumVisualStudioVersion = 10.0.40219.1
Project("{FAE04EC0-301F-11D3-BF4B-00C04F79EFBC}") = "JobApi", "JobApi\JobApi.csproj", "{BF6BCDEF-D6AC-4121-8C9C-62F0CB8FE113}"
EndProject
Project("{FAE04EC0-301F-11D3-BF4B-00C04F79EFBC}") = "JobApiTest", "JobApiTest\JobApiTest.csproj", "{54C74740-E4FA-44AE-8DEE-D58DA5A21E88}"
EndProject
Global
	GlobalSection(SolutionConfigurationPlatforms) = preSolution
		Debug|Any CPU = Debug|Any CPU
		Release|Any CPU = Release|Any CPU
	EndGlobalSection
	GlobalSection(SolutionProperties) = preSolution
		HideSolutionNode = FALSE
	EndGlobalSection
	GlobalSection(ProjectConfigurationPlatforms) = postSolution
		{BF6BCDEF-D6AC-4121-8C9C-62F0CB8FE113}.Debug|Any CPU.ActiveCfg = Debug|Any CPU
		{BF6BCDEF-D6AC-4121-8C9C-62F0CB8FE113}.Debug|Any CPU.Build.0 = Debug|Any CPU
		{BF6BCDEF-D6AC-4121-8C9C-62F0CB8FE113}.Release|Any CPU.ActiveCfg = Release|Any CPU
		{BF6BCDEF-D6AC-4121-8C9C-62F0CB8FE113}.Release|Any CPU.Build.0 = Release|Any CPU
		{54C74740-E4FA-44AE-8DEE-D58DA5A21E88}.Debug|Any CPU.ActiveCfg = Debug|Any CPU
		{54C74740-E4FA-44AE-8DEE-D58DA5A21E88}.Debug|Any CPU.Build.0 = Debug|Any CPU
		{54C74740-E4FA-44AE-8DEE-D58DA5A21E88}.Release|Any CPU.ActiveCfg = Release|Any CPU
		{54C74740-E4FA-44AE-8DEE-D58DA5A21E88}.Release|Any CPU.Build.0 = Release|Any CPU
	EndGlobalSection
EndGlobal
